// !$*UTF8*$!
{
	archiveVersion = 1;
	classes = {
	};
	objectVersion = 50;
	objects = {

/* Begin PBXBuildFile section */
		A29193D125A0B5C90081D0B3 /* tutorial_SwiftUI_WebViewApp.swift in Sources */ = {isa = PBXBuildFile; fileRef = A29193D025A0B5C90081D0B3 /* tutorial_SwiftUI_WebViewApp.swift */; };
		A29193D325A0B5C90081D0B3 /* ContentView.swift in Sources */ = {isa = PBXBuildFile; fileRef = A29193D225A0B5C90081D0B3 /* ContentView.swift */; };
		A29193D525A0B5CA0081D0B3 /* Assets.xcassets in Resources */ = {isa = PBXBuildFile; fileRef = A29193D425A0B5CA0081D0B3 /* Assets.xcassets */; };
		A29193D825A0B5CA0081D0B3 /* Preview Assets.xcassets in Resources */ = {isa = PBXBuildFile; fileRef = A29193D725A0B5CA0081D0B3 /* Preview Assets.xcassets */; };
		A29193E325A0B5CA0081D0B3 /* tutorial_SwiftUI_WebViewTests.swift in Sources */ = {isa = PBXBuildFile; fileRef = A29193E225A0B5CA0081D0B3 /* tutorial_SwiftUI_WebViewTests.swift */; };
		A29193EE25A0B5CA0081D0B3 /* tutorial_SwiftUI_WebViewUITests.swift in Sources */ = {isa = PBXBuildFile; fileRef = A29193ED25A0B5CA0081D0B3 /* tutorial_SwiftUI_WebViewUITests.swift */; };
		A29193FF25A0B5FE0081D0B3 /* WebView.swift in Sources */ = {isa = PBXBuildFile; fileRef = A29193FE25A0B5FE0081D0B3 /* WebView.swift */; };
/* End PBXBuildFile section */

/* Begin PBXContainerItemProxy section */
		A29193DF25A0B5CA0081D0B3 /* PBXContainerItemProxy */ = {
			isa = PBXContainerItemProxy;
			containerPortal = A29193C525A0B5C90081D0B3 /* Project object */;
			proxyType = 1;
			remoteGlobalIDString = A29193CC25A0B5C90081D0B3;
			remoteInfo = tutorial_SwiftUI_WebView;
		};
		A29193EA25A0B5CA0081D0B3 /* PBXContainerItemProxy */ = {
			isa = PBXContainerItemProxy;
			containerPortal = A29193C525A0B5C90081D0B3 /* Project object */;
			proxyType = 1;
			remoteGlobalIDString = A29193CC25A0B5C90081D0B3;
			remoteInfo = tutorial_SwiftUI_WebView;
		};
/* End PBXContainerItemProxy section */

/* Begin PBXFileReference section */
		A29193CD25A0B5C90081D0B3 /* tutorial_SwiftUI_WebView.app */ = {isa = PBXFileReference; explicitFileType = wrapper.application; includeInIndex = 0; path = tutorial_SwiftUI_WebView.app; sourceTree = BUILT_PRODUCTS_DIR; };
		A29193D025A0B5C90081D0B3 /* tutorial_SwiftUI_WebViewApp.swift */ = {isa = PBXFileReference; lastKnownFileType = sourcecode.swift; path = tutorial_SwiftUI_WebViewApp.swift; sourceTree = "<group>"; };
		A29193D225A0B5C90081D0B3 /* ContentView.swift */ = {isa = PBXFileReference; lastKnownFileType = sourcecode.swift; path = ContentView.swift; sourceTree = "<group>"; };
		A29193D425A0B5CA0081D0B3 /* Assets.xcassets */ = {isa = PBXFileReference; lastKnownFileType = folder.assetcatalog; path = Assets.xcassets; sourceTree = "<group>"; };
		A29193D725A0B5CA0081D0B3 /* Preview Assets.xcassets */ = {isa = PBXFileReference; lastKnownFileType = folder.assetcatalog; path = "Preview Assets.xcassets"; sourceTree = "<group>"; };
		A29193D925A0B5CA0081D0B3 /* Info.plist */ = {isa = PBXFileReference; lastKnownFileType = text.plist.xml; path = Info.plist; sourceTree = "<group>"; };
		A29193DE25A0B5CA0081D0B3 /* tutorial_SwiftUI_WebViewTests.xctest */ = {isa = PBXFileReference; explicitFileType = wrapper.cfbundle; includeInIndex = 0; path = tutorial_SwiftUI_WebViewTests.xctest; sourceTree = BUILT_PRODUCTS_DIR; };
		A29193E225A0B5CA0081D0B3 /* tutorial_SwiftUI_WebViewTests.swift */ = {isa = PBXFileReference; lastKnownFileType = sourcecode.swift; path = tutorial_SwiftUI_WebViewTests.swift; sourceTree = "<group>"; };
		A29193E425A0B5CA0081D0B3 /* Info.plist */ = {isa = PBXFileReference; lastKnownFileType = text.plist.xml; path = Info.plist; sourceTree = "<group>"; };
		A29193E925A0B5CA0081D0B3 /* tutorial_SwiftUI_WebViewUITests.xctest */ = {isa = PBXFileReference; explicitFileType = wrapper.cfbundle; includeInIndex = 0; path = tutorial_SwiftUI_WebViewUITests.xctest; sourceTree = BUILT_PRODUCTS_DIR; };
		A29193ED25A0B5CA0081D0B3 /* tutorial_SwiftUI_WebViewUITests.swift */ = {isa = PBXFileReference; lastKnownFileType = sourcecode.swift; path = tutorial_SwiftUI_WebViewUITests.swift; sourceTree = "<group>"; };
		A29193EF25A0B5CA0081D0B3 /* Info.plist */ = {isa = PBXFileReference; lastKnownFileType = text.plist.xml; path = Info.plist; sourceTree = "<group>"; };
		A29193FE25A0B5FE0081D0B3 /* WebView.swift */ = {isa = PBXFileReference; lastKnownFileType = sourcecode.swift; path = WebView.swift; sourceTree = "<group>"; };
/* End PBXFileReference section */

/* Begin PBXFrameworksBuildPhase section */
		A29193CA25A0B5C90081D0B3 /* Frameworks */ = {
			isa = PBXFrameworksBuildPhase;
			buildActionMask = 2147483647;
			files = (
			);
			runOnlyForDeploymentPostprocessing = 0;
		};
		A29193DB25A0B5CA0081D0B3 /* Frameworks */ = {
			isa = PBXFrameworksBuildPhase;
			buildActionMask = 2147483647;
			files = (
			);
			runOnlyForDeploymentPostprocessing = 0;
		};
		A29193E625A0B5CA0081D0B3 /* Frameworks */ = {
			isa = PBXFrameworksBuildPhase;
			buildActionMask = 2147483647;
			files = (
			);
			runOnlyForDeploymentPostprocessing = 0;
		};
/* End PBXFrameworksBuildPhase section */

/* Begin PBXGroup section */
		A29193C425A0B5C90081D0B3 = {
			isa = PBXGroup;
			children = (
				A29193CF25A0B5C90081D0B3 /* tutorial_SwiftUI_WebView */,
				A29193E125A0B5CA0081D0B3 /* tutorial_SwiftUI_WebViewTests */,
				A29193EC25A0B5CA0081D0B3 /* tutorial_SwiftUI_WebViewUITests */,
				A29193CE25A0B5C90081D0B3 /* Products */,
			);
			sourceTree = "<group>";
		};
		A29193CE25A0B5C90081D0B3 /* Products */ = {
			isa = PBXGroup;
			children = (
				A29193CD25A0B5C90081D0B3 /* tutorial_SwiftUI_WebView.app */,
				A29193DE25A0B5CA0081D0B3 /* tutorial_SwiftUI_WebViewTests.xctest */,
				A29193E925A0B5CA0081D0B3 /* tutorial_SwiftUI_WebViewUITests.xctest */,
			);
			name = Products;
			sourceTree = "<group>";
		};
		A29193CF25A0B5C90081D0B3 /* tutorial_SwiftUI_WebView */ = {
			isa = PBXGroup;
			children = (
				A29193D025A0B5C90081D0B3 /* tutorial_SwiftUI_WebViewApp.swift */,
				A29193D225A0B5C90081D0B3 /* ContentView.swift */,
				A29193FE25A0B5FE0081D0B3 /* WebView.swift */,
				A29193D425A0B5CA0081D0B3 /* Assets.xcassets */,
				A29193D925A0B5CA0081D0B3 /* Info.plist */,
				A29193D625A0B5CA0081D0B3 /* Preview Content */,
			);
			path = tutorial_SwiftUI_WebView;
			sourceTree = "<group>";
		};
		A29193D625A0B5CA0081D0B3 /* Preview Content */ = {
			isa = PBXGroup;
			children = (
				A29193D725A0B5CA0081D0B3 /* Preview Assets.xcassets */,
			);
			path = "Preview Content";
			sourceTree = "<group>";
		};
		A29193E125A0B5CA0081D0B3 /* tutorial_SwiftUI_WebViewTests */ = {
			isa = PBXGroup;
			children = (
				A29193E225A0B5CA0081D0B3 /* tutorial_SwiftUI_WebViewTests.swift */,
				A29193E425A0B5CA0081D0B3 /* Info.plist */,
			);
			path = tutorial_SwiftUI_WebViewTests;
			sourceTree = "<group>";
		};
		A29193EC25A0B5CA0081D0B3 /* tutorial_SwiftUI_WebViewUITests */ = {
			isa = PBXGroup;
			children = (
				A29193ED25A0B5CA0081D0B3 /* tutorial_SwiftUI_WebViewUITests.swift */,
				A29193EF25A0B5CA0081D0B3 /* Info.plist */,
			);
			path = tutorial_SwiftUI_WebViewUITests;
			sourceTree = "<group>";
		};
/* End PBXGroup section */

/* Begin PBXNativeTarget section */
		A29193CC25A0B5C90081D0B3 /* tutorial_SwiftUI_WebView */ = {
			isa = PBXNativeTarget;
			buildConfigurationList = A29193F225A0B5CA0081D0B3 /* Build configuration list for PBXNativeTarget "tutorial_SwiftUI_WebView" */;
			buildPhases = (
				A29193C925A0B5C90081D0B3 /* Sources */,
				A29193CA25A0B5C90081D0B3 /* Frameworks */,
				A29193CB25A0B5C90081D0B3 /* Resources */,
			);
			buildRules = (
			);
			dependencies = (
			);
			name = tutorial_SwiftUI_WebView;
			productName = tutorial_SwiftUI_WebView;
			productReference = A29193CD25A0B5C90081D0B3 /* tutorial_SwiftUI_WebView.app */;
			productType = "com.apple.product-type.application";
		};
		A29193DD25A0B5CA0081D0B3 /* tutorial_SwiftUI_WebViewTests */ = {
			isa = PBXNativeTarget;
			buildConfigurationList = A29193F525A0B5CA0081D0B3 /* Build configuration list for PBXNativeTarget "tutorial_SwiftUI_WebViewTests" */;
			buildPhases = (
				A29193DA25A0B5CA0081D0B3 /* Sources */,
				A29193DB25A0B5CA0081D0B3 /* Frameworks */,
				A29193DC25A0B5CA0081D0B3 /* Resources */,
			);
			buildRules = (
			);
			dependencies = (
				A29193E025A0B5CA0081D0B3 /* PBXTargetDependency */,
			);
			name = tutorial_SwiftUI_WebViewTests;
			productName = tutorial_SwiftUI_WebViewTests;
			productReference = A29193DE25A0B5CA0081D0B3 /* tutorial_SwiftUI_WebViewTests.xctest */;
			productType = "com.apple.product-type.bundle.unit-test";
		};
		A29193E825A0B5CA0081D0B3 /* tutorial_SwiftUI_WebViewUITests */ = {
			isa = PBXNativeTarget;
			buildConfigurationList = A29193F825A0B5CA0081D0B3 /* Build configuration list for PBXNativeTarget "tutorial_SwiftUI_WebViewUITests" */;
			buildPhases = (
				A29193E525A0B5CA0081D0B3 /* Sources */,
				A29193E625A0B5CA0081D0B3 /* Frameworks */,
				A29193E725A0B5CA0081D0B3 /* Resources */,
			);
			buildRules = (
			);
			dependencies = (
				A29193EB25A0B5CA0081D0B3 /* PBXTargetDependency */,
			);
			name = tutorial_SwiftUI_WebViewUITests;
			productName = tutorial_SwiftUI_WebViewUITests;
			productReference = A29193E925A0B5CA0081D0B3 /* tutorial_SwiftUI_WebViewUITests.xctest */;
			productType = "com.apple.product-type.bundle.ui-testing";
		};
/* End PBXNativeTarget section */

/* Begin PBXProject section */
		A29193C525A0B5C90081D0B3 /* Project object */ = {
			isa = PBXProject;
			attributes = {
				LastSwiftUpdateCheck = 1220;
				LastUpgradeCheck = 1220;
				TargetAttributes = {
					A29193CC25A0B5C90081D0B3 = {
						CreatedOnToolsVersion = 12.2;
					};
					A29193DD25A0B5CA0081D0B3 = {
						CreatedOnToolsVersion = 12.2;
						TestTargetID = A29193CC25A0B5C90081D0B3;
					};
					A29193E825A0B5CA0081D0B3 = {
						CreatedOnToolsVersion = 12.2;
						TestTargetID = A29193CC25A0B5C90081D0B3;
					};
				};
			};
			buildConfigurationList = A29193C825A0B5C90081D0B3 /* Build configuration list for PBXProject "tutorial_SwiftUI_WebView" */;
			compatibilityVersion = "Xcode 9.3";
			developmentRegion = en;
			hasScannedForEncodings = 0;
			knownRegions = (
				en,
				Base,
			);
			mainGroup = A29193C425A0B5C90081D0B3;
			productRefGroup = A29193CE25A0B5C90081D0B3 /* Products */;
			projectDirPath = "";
			projectRoot = "";
			targets = (
				A29193CC25A0B5C90081D0B3 /* tutorial_SwiftUI_WebView */,
				A29193DD25A0B5CA0081D0B3 /* tutorial_SwiftUI_WebViewTests */,
				A29193E825A0B5CA0081D0B3 /* tutorial_SwiftUI_WebViewUITests */,
			);
		};
/* End PBXProject section */

/* Begin PBXResourcesBuildPhase section */
		A29193CB25A0B5C90081D0B3 /* Resources */ = {
			isa = PBXResourcesBuildPhase;
			buildActionMask = 2147483647;
			files = (
				A29193D825A0B5CA0081D0B3 /* Preview Assets.xcassets in Resources */,
				A29193D525A0B5CA0081D0B3 /* Assets.xcassets in Resources */,
			);
			runOnlyForDeploymentPostprocessing = 0;
		};
		A29193DC25A0B5CA0081D0B3 /* Resources */ = {
			isa = PBXResourcesBuildPhase;
			buildActionMask = 2147483647;
			files = (
			);
			runOnlyForDeploymentPostprocessing = 0;
		};
		A29193E725A0B5CA0081D0B3 /* Resources */ = {
			isa = PBXResourcesBuildPhase;
			buildActionMask = 2147483647;
			files = (
			);
			runOnlyForDeploymentPostprocessing = 0;
		};
/* End PBXResourcesBuildPhase section */

/* Begin PBXSourcesBuildPhase section */
		A29193C925A0B5C90081D0B3 /* Sources */ = {
			isa = PBXSourcesBuildPhase;
			buildActionMask = 2147483647;
			files = (
				A29193FF25A0B5FE0081D0B3 /* WebView.swift in Sources */,
				A29193D325A0B5C90081D0B3 /* ContentView.swift in Sources */,
				A29193D125A0B5C90081D0B3 /* tutorial_SwiftUI_WebViewApp.swift in Sources */,
			);
			runOnlyForDeploymentPostprocessing = 0;
		};
		A29193DA25A0B5CA0081D0B3 /* Sources */ = {
			isa = PBXSourcesBuildPhase;
			buildActionMask = 2147483647;
			files = (
				A29193E325A0B5CA0081D0B3 /* tutorial_SwiftUI_WebViewTests.swift in Sources */,
			);
			runOnlyForDeploymentPostprocessing = 0;
		};
		A29193E525A0B5CA0081D0B3 /* Sources */ = {
			isa = PBXSourcesBuildPhase;
			buildActionMask = 2147483647;
			files = (
				A29193EE25A0B5CA0081D0B3 /* tutorial_SwiftUI_WebViewUITests.swift in Sources */,
			);
			runOnlyForDeploymentPostprocessing = 0;
		};
/* End PBXSourcesBuildPhase section */

/* Begin PBXTargetDependency section */
		A29193E025A0B5CA0081D0B3 /* PBXTargetDependency */ = {
			isa = PBXTargetDependency;
			target = A29193CC25A0B5C90081D0B3 /* tutorial_SwiftUI_WebView */;
			targetProxy = A29193DF25A0B5CA0081D0B3 /* PBXContainerItemProxy */;
		};
		A29193EB25A0B5CA0081D0B3 /* PBXTargetDependency */ = {
			isa = PBXTargetDependency;
			target = A29193CC25A0B5C90081D0B3 /* tutorial_SwiftUI_WebView */;
			targetProxy = A29193EA25A0B5CA0081D0B3 /* PBXContainerItemProxy */;
		};
/* End PBXTargetDependency section */

/* Begin XCBuildConfiguration section */
		A29193F025A0B5CA0081D0B3 /* Debug */ = {
			isa = XCBuildConfiguration;
			buildSettings = {
				ALWAYS_SEARCH_USER_PATHS = NO;
				CLANG_ANALYZER_NONNULL = YES;
				CLANG_ANALYZER_NUMBER_OBJECT_CONVERSION = YES_AGGRESSIVE;
				CLANG_CXX_LANGUAGE_STANDARD = "gnu++14";
				CLANG_CXX_LIBRARY = "libc++";
				CLANG_ENABLE_MODULES = YES;
				CLANG_ENABLE_OBJC_ARC = YES;
				CLANG_ENABLE_OBJC_WEAK = YES;
				CLANG_WARN_BLOCK_CAPTURE_AUTORELEASING = YES;
				CLANG_WARN_BOOL_CONVERSION = YES;
				CLANG_WARN_COMMA = YES;
				CLANG_WARN_CONSTANT_CONVERSION = YES;
				CLANG_WARN_DEPRECATED_OBJC_IMPLEMENTATIONS = YES;
				CLANG_WARN_DIRECT_OBJC_ISA_USAGE = YES_ERROR;
				CLANG_WARN_DOCUMENTATION_COMMENTS = YES;
				CLANG_WARN_EMPTY_BODY = YES;
				CLANG_WARN_ENUM_CONVERSION = YES;
				CLANG_WARN_INFINITE_RECURSION = YES;
				CLANG_WARN_INT_CONVERSION = YES;
				CLANG_WARN_NON_LITERAL_NULL_CONVERSION = YES;
				CLANG_WARN_OBJC_IMPLICIT_RETAIN_SELF = YES;
				CLANG_WARN_OBJC_LITERAL_CONVERSION = YES;
				CLANG_WARN_OBJC_ROOT_CLASS = YES_ERROR;
				CLANG_WARN_QUOTED_INCLUDE_IN_FRAMEWORK_HEADER = YES;
				CLANG_WARN_RANGE_LOOP_ANALYSIS = YES;
				CLANG_WARN_STRICT_PROTOTYPES = YES;
				CLANG_WARN_SUSPICIOUS_MOVE = YES;
				CLANG_WARN_UNGUARDED_AVAILABILITY = YES_AGGRESSIVE;
				CLANG_WARN_UNREACHABLE_CODE = YES;
				CLANG_WARN__DUPLICATE_METHOD_MATCH = YES;
				COPY_PHASE_STRIP = NO;
				DEBUG_INFORMATION_FORMAT = dwarf;
				ENABLE_STRICT_OBJC_MSGSEND = YES;
				ENABLE_TESTABILITY = YES;
				GCC_C_LANGUAGE_STANDARD = gnu11;
				GCC_DYNAMIC_NO_PIC = NO;
				GCC_NO_COMMON_BLOCKS = YES;
				GCC_OPTIMIZATION_LEVEL = 0;
				GCC_PREPROCESSOR_DEFINITIONS = (
					"DEBUG=1",
					"$(inherited)",
				);
				GCC_WARN_64_TO_32_BIT_CONVERSION = YES;
				GCC_WARN_ABOUT_RETURN_TYPE = YES_ERROR;
				GCC_WARN_UNDECLARED_SELECTOR = YES;
				GCC_WARN_UNINITIALIZED_AUTOS = YES_AGGRESSIVE;
				GCC_WARN_UNUSED_FUNCTION = YES;
				GCC_WARN_UNUSED_VARIABLE = YES;
				IPHONEOS_DEPLOYMENT_TARGET = 14.2;
				MTL_ENABLE_DEBUG_INFO = INCLUDE_SOURCE;
				MTL_FAST_MATH = YES;
				ONLY_ACTIVE_ARCH = YES;
				SDKROOT = iphoneos;
				SWIFT_ACTIVE_COMPILATION_CONDITIONS = DEBUG;
				SWIFT_OPTIMIZATION_LEVEL = "-Onone";
			};
			name = Debug;
		};
		A29193F125A0B5CA0081D0B3 /* Release */ = {
			isa = XCBuildConfiguration;
			buildSettings = {
				ALWAYS_SEARCH_USER_PATHS = NO;
				CLANG_ANALYZER_NONNULL = YES;
				CLANG_ANALYZER_NUMBER_OBJECT_CONVERSION = YES_AGGRESSIVE;
				CLANG_CXX_LANGUAGE_STANDARD = "gnu++14";
				CLANG_CXX_LIBRARY = "libc++";
				CLANG_ENABLE_MODULES = YES;
				CLANG_ENABLE_OBJC_ARC = YES;
				CLANG_ENABLE_OBJC_WEAK = YES;
				CLANG_WARN_BLOCK_CAPTURE_AUTORELEASING = YES;
				CLANG_WARN_BOOL_CONVERSION = YES;
				CLANG_WARN_COMMA = YES;
				CLANG_WARN_CONSTANT_CONVERSION = YES;
				CLANG_WARN_DEPRECATED_OBJC_IMPLEMENTATIONS = YES;
				CLANG_WARN_DIRECT_OBJC_ISA_USAGE = YES_ERROR;
				CLANG_WARN_DOCUMENTATION_COMMENTS = YES;
				CLANG_WARN_EMPTY_BODY = YES;
				CLANG_WARN_ENUM_CONVERSION = YES;
				CLANG_WARN_INFINITE_RECURSION = YES;
				CLANG_WARN_INT_CONVERSION = YES;
				CLANG_WARN_NON_LITERAL_NULL_CONVERSION = YES;
				CLANG_WARN_OBJC_IMPLICIT_RETAIN_SELF = YES;
				CLANG_WARN_OBJC_LITERAL_CONVERSION = YES;
				CLANG_WARN_OBJC_ROOT_CLASS = YES_ERROR;
				CLANG_WARN_QUOTED_INCLUDE_IN_FRAMEWORK_HEADER = YES;
				CLANG_WARN_RANGE_LOOP_ANALYSIS = YES;
				CLANG_WARN_STRICT_PROTOTYPES = YES;
				CLANG_WARN_SUSPICIOUS_MOVE = YES;
				CLANG_WARN_UNGUARDED_AVAILABILITY = YES_AGGRESSIVE;
				CLANG_WARN_UNREACHABLE_CODE = YES;
				CLANG_WARN__DUPLICATE_METHOD_MATCH = YES;
				COPY_PHASE_STRIP = NO;
				DEBUG_INFORMATION_FORMAT = "dwarf-with-dsym";
				ENABLE_NS_ASSERTIONS = NO;
				ENABLE_STRICT_OBJC_MSGSEND = YES;
				GCC_C_LANGUAGE_STANDARD = gnu11;
				GCC_NO_COMMON_BLOCKS = YES;
				GCC_WARN_64_TO_32_BIT_CONVERSION = YES;
				GCC_WARN_ABOUT_RETURN_TYPE = YES_ERROR;
				GCC_WARN_UNDECLARED_SELECTOR = YES;
				GCC_WARN_UNINITIALIZED_AUTOS = YES_AGGRESSIVE;
				GCC_WARN_UNUSED_FUNCTION = YES;
				GCC_WARN_UNUSED_VARIABLE = YES;
				IPHONEOS_DEPLOYMENT_TARGET = 14.2;
				MTL_ENABLE_DEBUG_INFO = NO;
				MTL_FAST_MATH = YES;
				SDKROOT = iphoneos;
				SWIFT_COMPILATION_MODE = wholemodule;
				SWIFT_OPTIMIZATION_LEVEL = "-O";
				VALIDATE_PRODUCT = YES;
			};
			name = Release;
		};
		A29193F325A0B5CA0081D0B3 /* Debug */ = {
			isa = XCBuildConfiguration;
			buildSettings = {
				ASSETCATALOG_COMPILER_APPICON_NAME = AppIcon;
				ASSETCATALOG_COMPILER_GLOBAL_ACCENT_COLOR_NAME = AccentColor;
				CODE_SIGN_STYLE = Automatic;
				DEVELOPMENT_ASSET_PATHS = "\"tutorial_SwiftUI_WebView/Preview Content\"";
				DEVELOPMENT_TEAM = WCRE7XME38;
				ENABLE_PREVIEWS = YES;
				INFOPLIST_FILE = tutorial_SwiftUI_WebView/Info.plist;
				IPHONEOS_DEPLOYMENT_TARGET = 14.0;
				LD_RUNPATH_SEARCH_PATHS = (
					"$(inherited)",
					"@executable_path/Frameworks",
				);
				PRODUCT_BUNDLE_IDENTIFIER = "sEmoto.practice.tutorial-SwiftUI-WebView";
				PRODUCT_NAME = "$(TARGET_NAME)";
				SWIFT_VERSION = 5.0;
				TARGETED_DEVICE_FAMILY = "1,2";
			};
			name = Debug;
		};
		A29193F425A0B5CA0081D0B3 /* Release */ = {
			isa = XCBuildConfiguration;
			buildSettings = {
				ASSETCATALOG_COMPILER_APPICON_NAME = AppIcon;
				ASSETCATALOG_COMPILER_GLOBAL_ACCENT_COLOR_NAME = AccentColor;
				CODE_SIGN_STYLE = Automatic;
				DEVELOPMENT_ASSET_PATHS = "\"tutorial_SwiftUI_WebView/Preview Content\"";
				DEVELOPMENT_TEAM = WCRE7XME38;
				ENABLE_PREVIEWS = YES;
				INFOPLIST_FILE = tutorial_SwiftUI_WebView/Info.plist;
				IPHONEOS_DEPLOYMENT_TARGET = 14.0;
				LD_RUNPATH_SEARCH_PATHS = (
					"$(inherited)",
					"@executable_path/Frameworks",
				);
				PRODUCT_BUNDLE_IDENTIFIER = "sEmoto.practice.tutorial-SwiftUI-WebView";
				PRODUCT_NAME = "$(TARGET_NAME)";
				SWIFT_VERSION = 5.0;
				TARGETED_DEVICE_FAMILY = "1,2";
			};
			name = Release;
		};
		A29193F625A0B5CA0081D0B3 /* Debug */ = {
			isa = XCBuildConfiguration;
			buildSettings = {
				ALWAYS_EMBED_SWIFT_STANDARD_LIBRARIES = YES;
				BUNDLE_LOADER = "$(TEST_HOST)";
				CODE_SIGN_STYLE = Automatic;
				DEVELOPMENT_TEAM = WCRE7XME38;
				INFOPLIST_FILE = tutorial_SwiftUI_WebViewTests/Info.plist;
				IPHONEOS_DEPLOYMENT_TARGET = 14.0;
				LD_RUNPATH_SEARCH_PATHS = (
					"$(inherited)",
					"@executable_path/Frameworks",
					"@loader_path/Frameworks",
				);
				PRODUCT_BUNDLE_IDENTIFIER = "sEmoto.practice.tutorial-SwiftUI-WebViewTests";
				PRODUCT_NAME = "$(TARGET_NAME)";
				SWIFT_VERSION = 5.0;
				TARGETED_DEVICE_FAMILY = "1,2";
				TEST_HOST = "$(BUILT_PRODUCTS_DIR)/tutorial_SwiftUI_WebView.app/tutorial_SwiftUI_WebView";
			};
			name = Debug;
		};
		A29193F725A0B5CA0081D0B3 /* Release */ = {
			isa = XCBuildConfiguration;
			buildSettings = {
				ALWAYS_EMBED_SWIFT_STANDARD_LIBRARIES = YES;
				BUNDLE_LOADER = "$(TEST_HOST)";
				CODE_SIGN_STYLE = Automatic;
				DEVELOPMENT_TEAM = WCRE7XME38;
				INFOPLIST_FILE = tutorial_SwiftUI_WebViewTests/Info.plist;
				IPHONEOS_DEPLOYMENT_TARGET = 14.0;
				LD_RUNPATH_SEARCH_PATHS = (
					"$(inherited)",
					"@executable_path/Frameworks",
					"@loader_path/Frameworks",
				);
				PRODUCT_BUNDLE_IDENTIFIER = "sEmoto.practice.tutorial-SwiftUI-WebViewTests";
				PRODUCT_NAME = "$(TARGET_NAME)";
				SWIFT_VERSION = 5.0;
				TARGETED_DEVICE_FAMILY = "1,2";
				TEST_HOST = "$(BUILT_PRODUCTS_DIR)/tutorial_SwiftUI_WebView.app/tutorial_SwiftUI_WebView";
			};
			name = Release;
		};
		A29193F925A0B5CA0081D0B3 /* Debug */ = {
			isa = XCBuildConfiguration;
			buildSettings = {
				ALWAYS_EMBED_SWIFT_STANDARD_LIBRARIES = YES;
				CODE_SIGN_STYLE = Automatic;
				DEVELOPMENT_TEAM = WCRE7XME38;
				INFOPLIST_FILE = tutorial_SwiftUI_WebViewUITests/Info.plist;
				LD_RUNPATH_SEARCH_PATHS = (
					"$(inherited)",
					"@executable_path/Frameworks",
					"@loader_path/Frameworks",
				);
				PRODUCT_BUNDLE_IDENTIFIER = "sEmoto.practice.tutorial-SwiftUI-WebViewUITests";
				PRODUCT_NAME = "$(TARGET_NAME)";
				SWIFT_VERSION = 5.0;
				TARGETED_DEVICE_FAMILY = "1,2";
				TEST_TARGET_NAME = tutorial_SwiftUI_WebView;
			};
			name = Debug;
		};
		A29193FA25A0B5CA0081D0B3 /* Release */ = {
			isa = XCBuildConfiguration;
			buildSettings = {
				ALWAYS_EMBED_SWIFT_STANDARD_LIBRARIES = YES;
				CODE_SIGN_STYLE = Automatic;
				DEVELOPMENT_TEAM = WCRE7XME38;
				INFOPLIST_FILE = tutorial_SwiftUI_WebViewUITests/Info.plist;
				LD_RUNPATH_SEARCH_PATHS = (
					"$(inherited)",
					"@executable_path/Frameworks",
					"@loader_path/Frameworks",
				);
				PRODUCT_BUNDLE_IDENTIFIER = "sEmoto.practice.tutorial-SwiftUI-WebViewUITests";
				PRODUCT_NAME = "$(TARGET_NAME)";
				SWIFT_VERSION = 5.0;
				TARGETED_DEVICE_FAMILY = "1,2";
				TEST_TARGET_NAME = tutorial_SwiftUI_WebView;
			};
			name = Release;
		};
/* End XCBuildConfiguration section */

/* Begin XCConfigurationList section */
		A29193C825A0B5C90081D0B3 /* Build configuration list for PBXProject "tutorial_SwiftUI_WebView" */ = {
			isa = XCConfigurationList;
			buildConfigurations = (
				A29193F025A0B5CA0081D0B3 /* Debug */,
				A29193F125A0B5CA0081D0B3 /* Release */,
			);
			defaultConfigurationIsVisible = 0;
			defaultConfigurationName = Release;
		};
		A29193F225A0B5CA0081D0B3 /* Build configuration list for PBXNativeTarget "tutorial_SwiftUI_WebView" */ = {
			isa = XCConfigurationList;
			buildConfigurations = (
				A29193F325A0B5CA0081D0B3 /* Debug */,
				A29193F425A0B5CA0081D0B3 /* Release */,
			);
			defaultConfigurationIsVisible = 0;
			defaultConfigurationName = Release;
		};
		A29193F525A0B5CA0081D0B3 /* Build configuration list for PBXNativeTarget "tutorial_SwiftUI_WebViewTests" */ = {
			isa = XCConfigurationList;
			buildConfigurations = (
				A29193F625A0B5CA0081D0B3 /* Debug */,
				A29193F725A0B5CA0081D0B3 /* Release */,
			);
			defaultConfigurationIsVisible = 0;
			defaultConfigurationName = Release;
		};
		A29193F825A0B5CA0081D0B3 /* Build configuration list for PBXNativeTarget "tutorial_SwiftUI_WebViewUITests" */ = {
			isa = XCConfigurationList;
			buildConfigurations = (
				A29193F925A0B5CA0081D0B3 /* Debug */,
				A29193FA25A0B5CA0081D0B3 /* Release */,
			);
			defaultConfigurationIsVisible = 0;
			defaultConfigurationName = Release;
		};
/* End XCConfigurationList section */
	};
	rootObject = A29193C525A0B5C90081D0B3 /* Project object */;
}
